
Microsoft Visual Studio Solution File, Format Version 12.00
# Visual Studio Version 16
VisualStudioVersion = 16.0.29009.5
MinimumVisualStudioVersion = 10.0.40219.1
Project("{FAE04EC0-301F-11D3-BF4B-00C04F79EFBC}") = "QRCoderTest", "QRCoderTest.csproj", "{8394050B-B15D-438C-9BE0-ABD93BDC184E}"
EndProject
Global
	GlobalSection(SolutionConfigurationPlatforms) = preSolution
		Debug|Any CPU = Debug|Any CPU
		Release|Any CPU = Release|Any CPU
	EndGlobalSection
	GlobalSection(ProjectConfigurationPlatforms) = postSolution
		{8394050B-B15D-438C-9BE0-ABD93BDC184E}.Debug|Any CPU.ActiveCfg = Debug|Any CPU
		{8394050B-B15D-438C-9BE0-ABD93BDC184E}.Debug|Any CPU.Build.0 = Debug|Any CPU
		{8394050B-B15D-438C-9BE0-ABD93BDC184E}.Release|Any CPU.ActiveCfg = Release|Any CPU
		{8394050B-B15D-438C-9BE0-ABD93BDC184E}.Release|Any CPU.Build.0 = Release|Any CPU
	EndGlobalSection
	GlobalSection(SolutionProperties) = preSolution
		HideSolutionNode = FALSE
	EndGlobalSection
	GlobalSection(ExtensibilityGlobals) = postSolution
		SolutionGuid = {7596AB61-A85A-428D-9190-730D21E8885E}
	EndGlobalSection
EndGlobal
